PODS:
  - Ads-CN-Beta (6.2.0.0):
    - Ads-CN-Beta/BUAdSDK (= 6.2.0.0)
  - Ads-CN-Beta/BUAdSDK (6.2.0.0)
  - Ads-CN-Beta/CSJMediation (6.2.0.0):
    - Ads-CN-Beta/BUAdSDK
  - DomobSDK (3.4.9):
    - DomobSDK/DMAdSDK (= 3.4.9)
  - DomobSDK/DMAdSDK (3.4.9):
    - Masonry
    - Protobuf (~> 3.27)
    - SDWebImage
  - DomobSDK/DomobSDKAdapter (3.4.9):
    - DomobSDK/DMAdSDK
  - DomobSDK/GMAdSDKAdapter (3.4.9):
    - Ads-CN-Beta (= 6.2.0.0)
    - Ads-CN-Beta/CSJMediation
    - DomobSDK/DomobSDKAdapter
    - GMKsAdapter-Beta (~> 3.3.64.0.0)
    - KSAdSDK (~> 3.3.61)
  - DomobSDK/KSAdSDKAdapter (3.4.9):
    - DomobSDK/DomobSDKAdapter
    - KSAdSDK (~> 3.3.61)
  - GMKsAdapter-Beta (3.3.64.0.0):
    - Ads-CN-Beta/CSJMediation (>= 6.2.0.0)
  - KSAdSDK (3.3.66)
  - Masonry (1.1.0)
  - Protobuf (3.27.2)
  - SDWebImage (5.19.4):
    - SDWebImage/Core (= 5.19.4)
  - SDWebImage/Core (5.19.4)

DEPENDENCIES:
  - DomobSDK (from `../`)
  - DomobSDK/DomobSDKAdapter (from `../`)
  - DomobSDK/GMAdSDKAdapter (from `../`)
  - DomobSDK/KSAdSDKAdapter (from `../`)

SPEC REPOS:
  trunk:
    - Ads-CN-Beta
    - GMKsAdapter-Beta
    - KSAdSDK
    - Masonry
    - Protobuf
    - SDWebImage

EXTERNAL SOURCES:
  DomobSDK:
    :path: "../"

SPEC CHECKSUMS:
  Ads-CN-Beta: 7a82a9a84e5af6b37d78ea1364648f652df26020
  DomobSDK: 12f802ff7696ab3b830d2decf758f570d6f1379f
  GMKsAdapter-Beta: 39a985c9e198fc449e47ae0f0cdea085973fdf3a
  KSAdSDK: 2b7d0715bb848a9f5b5cb46a5ae25555e109aca0
  Masonry: 678fab65091a9290e40e2832a55e7ab731aad201
  Protobuf: fb2c13674723f76ff6eede14f78847a776455fa2
  SDWebImage: 066c47b573f408f18caa467d71deace7c0f8280d

PODFILE CHECKSUM: 6af71f52f607e5f0ec30fd8ec666bc6f4932bc2a

COCOAPODS: 1.15.2
