PODS:
  - Ads-CN-Beta (6.2.0.0):
    - Ads-CN-Beta/BUAdSDK (= 6.2.0.0)
  - Ads-CN-Beta/BUAdSDK (6.2.0.0)
  - Ads-CN-Beta/CSJMediation (6.2.0.0):
    - Ads-CN-Beta/BUAdSDK
  - AnyThinkiOS (6.3.61):
    - AnyThinkiOS/AnyThinkSDK (= 6.3.61)
  - AnyThinkiOS/AnyThinkSDK (6.3.61)
  - DomobSDK (3.7.2):
    - DomobSDK/DMAdSDK (= 3.7.2)
  - DomobSDK/DMAdSDK (3.7.2):
    - Protobuf (~> 3.17)
  - DomobSDK/DomobSDKAdapter (3.7.2):
    - DomobSDK/DMAdSDK
  - DomobSDK/GMAdSDKAdapter (3.7.2):
    - Ads-CN-Beta (= 6.2.0.0)
    - Ads-CN-Beta/CSJMediation
    - DomobSDK/DomobSDKAdapter
    - GMKsAdapter-Beta (~> 3.3.64.0.0)
    - KSAdSDK (~> 3.3.61)
  - DomobSDK/KSAdSDKAdapter (3.7.2):
    - DomobSDK/DomobSDKAdapter
    - KSAdSDK (~> 3.3.61)
  - GMKsAdapter-Beta (3.3.64.0.0):
    - Ads-CN-Beta/CSJMediation (>= 6.2.0.0)
  - KSAdSDK (3.3.66)
  - Protobuf (3.27.2)

DEPENDENCIES:
  - AnyThinkiOS (= 6.3.61)
  - DomobSDK (from `../`)
  - DomobSDK/DomobSDKAdapter (from `../`)
  - DomobSDK/GMAdSDKAdapter (from `../`)
  - DomobSDK/KSAdSDKAdapter (from `../`)

SPEC REPOS:
  trunk:
    - Ads-CN-Beta
    - AnyThinkiOS
    - GMKsAdapter-Beta
    - KSAdSDK
    - Protobuf

EXTERNAL SOURCES:
  DomobSDK:
    :path: "../"

SPEC CHECKSUMS:
  Ads-CN-Beta: 7a82a9a84e5af6b37d78ea1364648f652df26020
  AnyThinkiOS: 61e5aa6a56e6c89f321ed2cc622a2c011716e8ec
  DomobSDK: de2940d7f8e3c91b3938c6e76a2e0ac97694fdfb
  GMKsAdapter-Beta: 39a985c9e198fc449e47ae0f0cdea085973fdf3a
  KSAdSDK: 2b7d0715bb848a9f5b5cb46a5ae25555e109aca0
  Protobuf: fb2c13674723f76ff6eede14f78847a776455fa2

PODFILE CHECKSUM: e2668d05dc97446b1473571ba706a2c13b8685af

COCOAPODS: 1.15.2
